
Microsoft Visual Studio Solution File, Format Version 12.00
# Visual Studio 14
VisualStudioVersion = 14.0.23107.0
MinimumVisualStudioVersion = 10.0.40219.1
Project("{2150E333-8FDC-42A3-9474-1A3956D46DE8}") = "Random Matcher", "Random Matcher", "{C37EB1EE-E830-4462-B38A-A001B176E2F0}"
EndProject
Project("{FAE04EC0-301F-11D3-BF4B-00C04F79EFBC}") = "Random Matcher", "Random Matcher\Random Matcher.csproj", "{6AADC82A-4C19-4009-B06F-CBBE2FA05085}"
EndProject
Global
	GlobalSection(SolutionConfigurationPlatforms) = preSolution
		Debug|Any CPU = Debug|Any CPU
		Debug|ARM = Debug|ARM
		Debug|x64 = Debug|x64
		Debug|x86 = Debug|x86
		Release|Any CPU = Release|Any CPU
		Release|ARM = Release|ARM
		Release|x64 = Release|x64
		Release|x86 = Release|x86
	EndGlobalSection
	GlobalSection(ProjectConfigurationPlatforms) = postSolution
		{6AADC82A-4C19-4009-B06F-CBBE2FA05085}.Debug|Any CPU.ActiveCfg = Debug|Any CPU
		{6AADC82A-4C19-4009-B06F-CBBE2FA05085}.Debug|Any CPU.Build.0 = Debug|Any CPU
		{6AADC82A-4C19-4009-B06F-CBBE2FA05085}.Debug|ARM.ActiveCfg = Debug|Any CPU
		{6AADC82A-4C19-4009-B06F-CBBE2FA05085}.Debug|ARM.Build.0 = Debug|Any CPU
		{6AADC82A-4C19-4009-B06F-CBBE2FA05085}.Debug|x64.ActiveCfg = Debug|Any CPU
		{6AADC82A-4C19-4009-B06F-CBBE2FA05085}.Debug|x64.Build.0 = Debug|Any CPU
		{6AADC82A-4C19-4009-B06F-CBBE2FA05085}.Debug|x86.ActiveCfg = Debug|Any CPU
		{6AADC82A-4C19-4009-B06F-CBBE2FA05085}.Debug|x86.Build.0 = Debug|Any CPU
		{6AADC82A-4C19-4009-B06F-CBBE2FA05085}.Release|Any CPU.ActiveCfg = Release|Any CPU
		{6AADC82A-4C19-4009-B06F-CBBE2FA05085}.Release|Any CPU.Build.0 = Release|Any CPU
		{6AADC82A-4C19-4009-B06F-CBBE2FA05085}.Release|ARM.ActiveCfg = Release|Any CPU
		{6AADC82A-4C19-4009-B06F-CBBE2FA05085}.Release|ARM.Build.0 = Release|Any CPU
		{6AADC82A-4C19-4009-B06F-CBBE2FA05085}.Release|x64.ActiveCfg = Release|Any CPU
		{6AADC82A-4C19-4009-B06F-CBBE2FA05085}.Release|x64.Build.0 = Release|Any CPU
		{6AADC82A-4C19-4009-B06F-CBBE2FA05085}.Release|x86.ActiveCfg = Release|Any CPU
		{6AADC82A-4C19-4009-B06F-CBBE2FA05085}.Release|x86.Build.0 = Release|Any CPU
	EndGlobalSection
	GlobalSection(SolutionProperties) = preSolution
		HideSolutionNode = FALSE
	EndGlobalSection
	GlobalSection(NestedProjects) = preSolution
		{6AADC82A-4C19-4009-B06F-CBBE2FA05085} = {C37EB1EE-E830-4462-B38A-A001B176E2F0}
	EndGlobalSection
EndGlobal
